
Microsoft Visual Studio Solution File, Format Version 12.00
# Visual Studio 2012
Project("{FAE04EC0-301F-11D3-BF4B-00C04F79EFBC}") = "Xam.MaterialTextField", "Xam.MaterialTextField\Xam.MaterialTextField.csproj", "{CE09F30A-275A-4991-8CC0-89590F63E5B2}"
EndProject
Project("{FAE04EC0-301F-11D3-BF4B-00C04F79EFBC}") = "Xam.MaterialTextField.Sample", "Xam.MaterialTextField.Sample\Xam.MaterialTextField.Sample.csproj", "{273DBEE7-3BE4-4FD0-BA28-F719EFD26AEC}"
EndProject
Global
	GlobalSection(SolutionConfigurationPlatforms) = preSolution
		Debug|Any CPU = Debug|Any CPU
		Release|Any CPU = Release|Any CPU
	EndGlobalSection
	GlobalSection(ProjectConfigurationPlatforms) = postSolution
		{CE09F30A-275A-4991-8CC0-89590F63E5B2}.Debug|Any CPU.ActiveCfg = Debug|Any CPU
		{CE09F30A-275A-4991-8CC0-89590F63E5B2}.Debug|Any CPU.Build.0 = Debug|Any CPU
		{CE09F30A-275A-4991-8CC0-89590F63E5B2}.Release|Any CPU.ActiveCfg = Release|Any CPU
		{CE09F30A-275A-4991-8CC0-89590F63E5B2}.Release|Any CPU.Build.0 = Release|Any CPU
		{273DBEE7-3BE4-4FD0-BA28-F719EFD26AEC}.Debug|Any CPU.ActiveCfg = Debug|Any CPU
		{273DBEE7-3BE4-4FD0-BA28-F719EFD26AEC}.Debug|Any CPU.Build.0 = Debug|Any CPU
		{273DBEE7-3BE4-4FD0-BA28-F719EFD26AEC}.Release|Any CPU.ActiveCfg = Release|Any CPU
		{273DBEE7-3BE4-4FD0-BA28-F719EFD26AEC}.Release|Any CPU.Build.0 = Release|Any CPU
	EndGlobalSection
EndGlobal
